// !$*UTF8*$!
{
	archiveVersion = 1;
	classes = {
	};
	objectVersion = 48;
	objects = {

/* Begin PBXBuildFile section */
		07A142D91FCA5B86006530A4 /* AppDelegate.swift in Sources */ = {isa = PBXBuildFile; fileRef = 07A142D81FCA5B86006530A4 /* AppDelegate.swift */; };
		07A142DB1FCA5B86006530A4 /* ViewController.swift in Sources */ = {isa = PBXBuildFile; fileRef = 07A142DA1FCA5B86006530A4 /* ViewController.swift */; };
		07A142DE1FCA5B86006530A4 /* Main.storyboard in Resources */ = {isa = PBXBuildFile; fileRef = 07A142DC1FCA5B86006530A4 /* Main.storyboard */; };
		07A142E01FCA5B86006530A4 /* Assets.xcassets in Resources */ = {isa = PBXBuildFile; fileRef = 07A142DF1FCA5B86006530A4 /* Assets.xcassets */; };
		07A142E31FCA5B86006530A4 /* LaunchScreen.storyboard in Resources */ = {isa = PBXBuildFile; fileRef = 07A142E11FCA5B86006530A4 /* LaunchScreen.storyboard */; };
		07A2F026203CBF950023EAD1 /* Activity.swift in Sources */ = {isa = PBXBuildFile; fileRef = 07A2F025203CBF950023EAD1 /* Activity.swift */; };
		07A2F028203CC1AB0023EAD1 /* ProfileScreen.swift in Sources */ = {isa = PBXBuildFile; fileRef = 07A2F027203CC1AB0023EAD1 /* ProfileScreen.swift */; };
		07E1A6F12033829A00CD3FF0 /* StudyAbroadViewController.swift in Sources */ = {isa = PBXBuildFile; fileRef = 07E1A6F02033829A00CD3FF0 /* StudyAbroadViewController.swift */; };
		07E1A6F32033844600CD3FF0 /* InterviewViewController.swift in Sources */ = {isa = PBXBuildFile; fileRef = 07E1A6F22033844600CD3FF0 /* InterviewViewController.swift */; };
		07E1A6F5203384AB00CD3FF0 /* JobShadowViewController.swift in Sources */ = {isa = PBXBuildFile; fileRef = 07E1A6F4203384AB00CD3FF0 /* JobShadowViewController.swift */; };
		07E1A6F7203384EF00CD3FF0 /* NetworkingEventViewController.swift in Sources */ = {isa = PBXBuildFile; fileRef = 07E1A6F6203384EF00CD3FF0 /* NetworkingEventViewController.swift */; };
		07E1A6F92033855700CD3FF0 /* StudentAthleteViewController.swift in Sources */ = {isa = PBXBuildFile; fileRef = 07E1A6F82033855700CD3FF0 /* StudentAthleteViewController.swift */; };
		07E1A6FB203385A000CD3FF0 /* MeetBoswellViewController.swift in Sources */ = {isa = PBXBuildFile; fileRef = 07E1A6FA203385A000CD3FF0 /* MeetBoswellViewController.swift */; };
		07E1A6FD203385FE00CD3FF0 /* StudentOrgViewController.swift in Sources */ = {isa = PBXBuildFile; fileRef = 07E1A6FC203385FE00CD3FF0 /* StudentOrgViewController.swift */; };
		07E1A6FF2033867F00CD3FF0 /* ProgressedYearViewController.swift in Sources */ = {isa = PBXBuildFile; fileRef = 07E1A6FE2033867F00CD3FF0 /* ProgressedYearViewController.swift */; };
		07E1A701203386D200CD3FF0 /* ThirdPartyCertificateViewController.swift in Sources */ = {isa = PBXBuildFile; fileRef = 07E1A700203386D200CD3FF0 /* ThirdPartyCertificateViewController.swift */; };
		07E1A7032033872D00CD3FF0 /* CompleteLinkedinViewController.swift in Sources */ = {isa = PBXBuildFile; fileRef = 07E1A7022033872D00CD3FF0 /* CompleteLinkedinViewController.swift */; };
		07E1A7052033878D00CD3FF0 /* FollowCommTwitterViewController.swift in Sources */ = {isa = PBXBuildFile; fileRef = 07E1A7042033878D00CD3FF0 /* FollowCommTwitterViewController.swift */; };
		07E1A707203387BE00CD3FF0 /* OtherViewController.swift in Sources */ = {isa = PBXBuildFile; fileRef = 07E1A706203387BE00CD3FF0 /* OtherViewController.swift */; };
		1F94DB321FE4583300E2565C /* StudentData.swift in Sources */ = {isa = PBXBuildFile; fileRef = 1F94DB311FE4583300E2565C /* StudentData.swift */; };
		1F94DB341FE4594600E2565C /* CreateAccount.swift in Sources */ = {isa = PBXBuildFile; fileRef = 1F94DB331FE4594600E2565C /* CreateAccount.swift */; };
		1FAE35BE202A4740009EED68 /* HomeScreen.swift in Sources */ = {isa = PBXBuildFile; fileRef = 1FAE35BD202A4740009EED68 /* HomeScreen.swift */; };
		1FB3A1C0202A4E4C00859458 /* PointsScreen.swift in Sources */ = {isa = PBXBuildFile; fileRef = 1FB3A1BF202A4E4C00859458 /* PointsScreen.swift */; };
		1FB3A1C2202A538E00859458 /* Internship.swift in Sources */ = {isa = PBXBuildFile; fileRef = 1FB3A1C1202A538E00859458 /* Internship.swift */; };
/* End PBXBuildFile section */

/* Begin PBXFileReference section */
		07A142D51FCA5B86006530A4 /* professionalgamification.app */ = {isa = PBXFileReference; explicitFileType = wrapper.application; includeInIndex = 0; path = professionalgamification.app; sourceTree = BUILT_PRODUCTS_DIR; };
		07A142D81FCA5B86006530A4 /* AppDelegate.swift */ = {isa = PBXFileReference; lastKnownFileType = sourcecode.swift; path = AppDelegate.swift; sourceTree = "<group>"; };
		07A142DA1FCA5B86006530A4 /* ViewController.swift */ = {isa = PBXFileReference; lastKnownFileType = sourcecode.swift; path = ViewController.swift; sourceTree = "<group>"; };
		07A142DD1FCA5B86006530A4 /* Base */ = {isa = PBXFileReference; lastKnownFileType = file.storyboard; name = Base; path = Base.lproj/Main.storyboard; sourceTree = "<group>"; };
		07A142DF1FCA5B86006530A4 /* Assets.xcassets */ = {isa = PBXFileReference; lastKnownFileType = folder.assetcatalog; path = Assets.xcassets; sourceTree = "<group>"; };
		07A142E21FCA5B86006530A4 /* Base */ = {isa = PBXFileReference; lastKnownFileType = file.storyboard; name = Base; path = Base.lproj/LaunchScreen.storyboard; sourceTree = "<group>"; };
		07A142E41FCA5B86006530A4 /* Info.plist */ = {isa = PBXFileReference; lastKnownFileType = text.plist.xml; path = Info.plist; sourceTree = "<group>"; };
		07A2F025203CBF950023EAD1 /* Activity.swift */ = {isa = PBXFileReference; lastKnownFileType = sourcecode.swift; path = Activity.swift; sourceTree = "<group>"; };
		07A2F027203CC1AB0023EAD1 /* ProfileScreen.swift */ = {isa = PBXFileReference; lastKnownFileType = sourcecode.swift; path = ProfileScreen.swift; sourceTree = "<group>"; };
		07E1A6F02033829A00CD3FF0 /* StudyAbroadViewController.swift */ = {isa = PBXFileReference; lastKnownFileType = sourcecode.swift; path = StudyAbroadViewController.swift; sourceTree = "<group>"; };
		07E1A6F22033844600CD3FF0 /* InterviewViewController.swift */ = {isa = PBXFileReference; lastKnownFileType = sourcecode.swift; path = InterviewViewController.swift; sourceTree = "<group>"; };
		07E1A6F4203384AB00CD3FF0 /* JobShadowViewController.swift */ = {isa = PBXFileReference; lastKnownFileType = sourcecode.swift; path = JobShadowViewController.swift; sourceTree = "<group>"; };
		07E1A6F6203384EF00CD3FF0 /* NetworkingEventViewController.swift */ = {isa = PBXFileReference; lastKnownFileType = sourcecode.swift; path = NetworkingEventViewController.swift; sourceTree = "<group>"; };
		07E1A6F82033855700CD3FF0 /* StudentAthleteViewController.swift */ = {isa = PBXFileReference; lastKnownFileType = sourcecode.swift; path = StudentAthleteViewController.swift; sourceTree = "<group>"; };
		07E1A6FA203385A000CD3FF0 /* MeetBoswellViewController.swift */ = {isa = PBXFileReference; lastKnownFileType = sourcecode.swift; path = MeetBoswellViewController.swift; sourceTree = "<group>"; };
		07E1A6FC203385FE00CD3FF0 /* StudentOrgViewController.swift */ = {isa = PBXFileReference; lastKnownFileType = sourcecode.swift; path = StudentOrgViewController.swift; sourceTree = "<group>"; };
		07E1A6FE2033867F00CD3FF0 /* ProgressedYearViewController.swift */ = {isa = PBXFileReference; lastKnownFileType = sourcecode.swift; path = ProgressedYearViewController.swift; sourceTree = "<group>"; };
		07E1A700203386D200CD3FF0 /* ThirdPartyCertificateViewController.swift */ = {isa = PBXFileReference; lastKnownFileType = sourcecode.swift; path = ThirdPartyCertificateViewController.swift; sourceTree = "<group>"; };
		07E1A7022033872D00CD3FF0 /* CompleteLinkedinViewController.swift */ = {isa = PBXFileReference; lastKnownFileType = sourcecode.swift; path = CompleteLinkedinViewController.swift; sourceTree = "<group>"; };
		07E1A7042033878D00CD3FF0 /* FollowCommTwitterViewController.swift */ = {isa = PBXFileReference; lastKnownFileType = sourcecode.swift; path = FollowCommTwitterViewController.swift; sourceTree = "<group>"; };
		07E1A706203387BE00CD3FF0 /* OtherViewController.swift */ = {isa = PBXFileReference; lastKnownFileType = sourcecode.swift; path = OtherViewController.swift; sourceTree = "<group>"; };
		1F94DB311FE4583300E2565C /* StudentData.swift */ = {isa = PBXFileReference; lastKnownFileType = sourcecode.swift; path = StudentData.swift; sourceTree = "<group>"; };
		1F94DB331FE4594600E2565C /* CreateAccount.swift */ = {isa = PBXFileReference; lastKnownFileType = sourcecode.swift; path = CreateAccount.swift; sourceTree = "<group>"; };
		1FAE35BD202A4740009EED68 /* HomeScreen.swift */ = {isa = PBXFileReference; lastKnownFileType = sourcecode.swift; path = HomeScreen.swift; sourceTree = "<group>"; };
		1FB3A1BF202A4E4C00859458 /* PointsScreen.swift */ = {isa = PBXFileReference; lastKnownFileType = sourcecode.swift; path = PointsScreen.swift; sourceTree = "<group>"; };
		1FB3A1C1202A538E00859458 /* Internship.swift */ = {isa = PBXFileReference; lastKnownFileType = sourcecode.swift; path = Internship.swift; sourceTree = "<group>"; };
/* End PBXFileReference section */

/* Begin PBXFrameworksBuildPhase section */
		07A142D21FCA5B86006530A4 /* Frameworks */ = {
			isa = PBXFrameworksBuildPhase;
			buildActionMask = 2147483647;
			files = (
			);
			runOnlyForDeploymentPostprocessing = 0;
		};
/* End PBXFrameworksBuildPhase section */

/* Begin PBXGroup section */
		07A142CC1FCA5B86006530A4 = {
			isa = PBXGroup;
			children = (
				07A142D71FCA5B86006530A4 /* professionalgamification */,
				07A142D61FCA5B86006530A4 /* Products */,
			);
			sourceTree = "<group>";
		};
		07A142D61FCA5B86006530A4 /* Products */ = {
			isa = PBXGroup;
			children = (
				07A142D51FCA5B86006530A4 /* professionalgamification.app */,
			);
			name = Products;
			sourceTree = "<group>";
		};
		07A142D71FCA5B86006530A4 /* professionalgamification */ = {
			isa = PBXGroup;
			children = (
				07A142D81FCA5B86006530A4 /* AppDelegate.swift */,
				07A142DA1FCA5B86006530A4 /* ViewController.swift */,
				07A142DC1FCA5B86006530A4 /* Main.storyboard */,
				07A2F027203CC1AB0023EAD1 /* ProfileScreen.swift */,
				07A2F025203CBF950023EAD1 /* Activity.swift */,
				07E1A706203387BE00CD3FF0 /* OtherViewController.swift */,
				07E1A7042033878D00CD3FF0 /* FollowCommTwitterViewController.swift */,
				07E1A7022033872D00CD3FF0 /* CompleteLinkedinViewController.swift */,
				07E1A700203386D200CD3FF0 /* ThirdPartyCertificateViewController.swift */,
				07E1A6FE2033867F00CD3FF0 /* ProgressedYearViewController.swift */,
				07E1A6FC203385FE00CD3FF0 /* StudentOrgViewController.swift */,
				07E1A6FA203385A000CD3FF0 /* MeetBoswellViewController.swift */,
				07E1A6F82033855700CD3FF0 /* StudentAthleteViewController.swift */,
				07E1A6F6203384EF00CD3FF0 /* NetworkingEventViewController.swift */,
				07E1A6F4203384AB00CD3FF0 /* JobShadowViewController.swift */,
				07E1A6F22033844600CD3FF0 /* InterviewViewController.swift */,
				07E1A6F02033829A00CD3FF0 /* StudyAbroadViewController.swift */,
				1FB3A1C1202A538E00859458 /* Internship.swift */,
				1FB3A1BF202A4E4C00859458 /* PointsScreen.swift */,
				1FAE35BD202A4740009EED68 /* HomeScreen.swift */,
				1F94DB331FE4594600E2565C /* CreateAccount.swift */,
				1F94DB311FE4583300E2565C /* StudentData.swift */,
				07A142DF1FCA5B86006530A4 /* Assets.xcassets */,
				07A142E11FCA5B86006530A4 /* LaunchScreen.storyboard */,
				07A142E41FCA5B86006530A4 /* Info.plist */,
			);
			path = professionalgamification;
			sourceTree = "<group>";
		};
/* End PBXGroup section */

/* Begin PBXNativeTarget section */
		07A142D41FCA5B86006530A4 /* professionalgamification */ = {
			isa = PBXNativeTarget;
			buildConfigurationList = 07A142E71FCA5B86006530A4 /* Build configuration list for PBXNativeTarget "professionalgamification" */;
			buildPhases = (
				07A142D11FCA5B86006530A4 /* Sources */,
				07A142D21FCA5B86006530A4 /* Frameworks */,
				07A142D31FCA5B86006530A4 /* Resources */,
			);
			buildRules = (
			);
			dependencies = (
			);
			name = professionalgamification;
			productName = professionalgamification;
			productReference = 07A142D51FCA5B86006530A4 /* professionalgamification.app */;
			productType = "com.apple.product-type.application";
		};
/* End PBXNativeTarget section */

/* Begin PBXProject section */
		07A142CD1FCA5B86006530A4 /* Project object */ = {
			isa = PBXProject;
			attributes = {
				LastSwiftUpdateCheck = 0910;
				LastUpgradeCheck = 0910;
				ORGANIZATIONNAME = "Maryville App Development";
				TargetAttributes = {
					07A142D41FCA5B86006530A4 = {
						CreatedOnToolsVersion = 9.1;
						ProvisioningStyle = Automatic;
					};
				};
			};
			buildConfigurationList = 07A142D01FCA5B86006530A4 /* Build configuration list for PBXProject "professionalgamification" */;
			compatibilityVersion = "Xcode 8.0";
			developmentRegion = en;
			hasScannedForEncodings = 0;
			knownRegions = (
				en,
				Base,
			);
			mainGroup = 07A142CC1FCA5B86006530A4;
			productRefGroup = 07A142D61FCA5B86006530A4 /* Products */;
			projectDirPath = "";
			projectRoot = "";
			targets = (
				07A142D41FCA5B86006530A4 /* professionalgamification */,
			);
		};
/* End PBXProject section */

/* Begin PBXResourcesBuildPhase section */
		07A142D31FCA5B86006530A4 /* Resources */ = {
			isa = PBXResourcesBuildPhase;
			buildActionMask = 2147483647;
			files = (
				07A142E31FCA5B86006530A4 /* LaunchScreen.storyboard in Resources */,
				07A142E01FCA5B86006530A4 /* Assets.xcassets in Resources */,
				07A142DE1FCA5B86006530A4 /* Main.storyboard in Resources */,
			);
			runOnlyForDeploymentPostprocessing = 0;
		};
/* End PBXResourcesBuildPhase section */

/* Begin PBXSourcesBuildPhase section */
		07A142D11FCA5B86006530A4 /* Sources */ = {
			isa = PBXSourcesBuildPhase;
			buildActionMask = 2147483647;
			files = (
				07E1A6FB203385A000CD3FF0 /* MeetBoswellViewController.swift in Sources */,
				07A2F028203CC1AB0023EAD1 /* ProfileScreen.swift in Sources */,
				07E1A701203386D200CD3FF0 /* ThirdPartyCertificateViewController.swift in Sources */,
				07E1A707203387BE00CD3FF0 /* OtherViewController.swift in Sources */,
				1FB3A1C2202A538E00859458 /* Internship.swift in Sources */,
				1FB3A1C0202A4E4C00859458 /* PointsScreen.swift in Sources */,
				07E1A6F92033855700CD3FF0 /* StudentAthleteViewController.swift in Sources */,
				07E1A7052033878D00CD3FF0 /* FollowCommTwitterViewController.swift in Sources */,
				07A142DB1FCA5B86006530A4 /* ViewController.swift in Sources */,
				07E1A6F7203384EF00CD3FF0 /* NetworkingEventViewController.swift in Sources */,
				07E1A6F12033829A00CD3FF0 /* StudyAbroadViewController.swift in Sources */,
				07A2F026203CBF950023EAD1 /* Activity.swift in Sources */,
				07E1A6FD203385FE00CD3FF0 /* StudentOrgViewController.swift in Sources */,
				07E1A6F5203384AB00CD3FF0 /* JobShadowViewController.swift in Sources */,
				1FAE35BE202A4740009EED68 /* HomeScreen.swift in Sources */,
				07E1A6F32033844600CD3FF0 /* InterviewViewController.swift in Sources */,
				07A142D91FCA5B86006530A4 /* AppDelegate.swift in Sources */,
				1F94DB321FE4583300E2565C /* StudentData.swift in Sources */,
				07E1A7032033872D00CD3FF0 /* CompleteLinkedinViewController.swift in Sources */,
				1F94DB341FE4594600E2565C /* CreateAccount.swift in Sources */,
				07E1A6FF2033867F00CD3FF0 /* ProgressedYearViewController.swift in Sources */,
			);
			runOnlyForDeploymentPostprocessing = 0;
		};
/* End PBXSourcesBuildPhase section */

/* Begin PBXVariantGroup section */
		07A142DC1FCA5B86006530A4 /* Main.storyboard */ = {
			isa = PBXVariantGroup;
			children = (
				07A142DD1FCA5B86006530A4 /* Base */,
			);
			name = Main.storyboard;
			sourceTree = "<group>";
		};
		07A142E11FCA5B86006530A4 /* LaunchScreen.storyboard */ = {
			isa = PBXVariantGroup;
			children = (
				07A142E21FCA5B86006530A4 /* Base */,
			);
			name = LaunchScreen.storyboard;
			sourceTree = "<group>";
		};
/* End PBXVariantGroup section */

/* Begin XCBuildConfiguration section */
		07A142E51FCA5B86006530A4 /* Debug */ = {
			isa = XCBuildConfiguration;
			buildSettings = {
				ALWAYS_SEARCH_USER_PATHS = NO;
				CLANG_ANALYZER_NONNULL = YES;
				CLANG_ANALYZER_NUMBER_OBJECT_CONVERSION = YES_AGGRESSIVE;
				CLANG_CXX_LANGUAGE_STANDARD = "gnu++14";
				CLANG_CXX_LIBRARY = "libc++";
				CLANG_ENABLE_MODULES = YES;
				CLANG_ENABLE_OBJC_ARC = YES;
				CLANG_WARN_BLOCK_CAPTURE_AUTORELEASING = YES;
				CLANG_WARN_BOOL_CONVERSION = YES;
				CLANG_WARN_COMMA = YES;
				CLANG_WARN_CONSTANT_CONVERSION = YES;
				CLANG_WARN_DIRECT_OBJC_ISA_USAGE = YES_ERROR;
				CLANG_WARN_DOCUMENTATION_COMMENTS = YES;
				CLANG_WARN_EMPTY_BODY = YES;
				CLANG_WARN_ENUM_CONVERSION = YES;
				CLANG_WARN_INFINITE_RECURSION = YES;
				CLANG_WARN_INT_CONVERSION = YES;
				CLANG_WARN_NON_LITERAL_NULL_CONVERSION = YES;
				CLANG_WARN_OBJC_LITERAL_CONVERSION = YES;
				CLANG_WARN_OBJC_ROOT_CLASS = YES_ERROR;
				CLANG_WARN_RANGE_LOOP_ANALYSIS = YES;
				CLANG_WARN_STRICT_PROTOTYPES = YES;
				CLANG_WARN_SUSPICIOUS_MOVE = YES;
				CLANG_WARN_UNGUARDED_AVAILABILITY = YES_AGGRESSIVE;
				CLANG_WARN_UNREACHABLE_CODE = YES;
				CLANG_WARN__DUPLICATE_METHOD_MATCH = YES;
				CODE_SIGN_IDENTITY = "iPhone Developer";
				COPY_PHASE_STRIP = NO;
				DEBUG_INFORMATION_FORMAT = dwarf;
				ENABLE_STRICT_OBJC_MSGSEND = YES;
				ENABLE_TESTABILITY = YES;
				GCC_C_LANGUAGE_STANDARD = gnu11;
				GCC_DYNAMIC_NO_PIC = NO;
				GCC_NO_COMMON_BLOCKS = YES;
				GCC_OPTIMIZATION_LEVEL = 0;
				GCC_PREPROCESSOR_DEFINITIONS = (
					"DEBUG=1",
					"$(inherited)",
				);
				GCC_WARN_64_TO_32_BIT_CONVERSION = YES;
				GCC_WARN_ABOUT_RETURN_TYPE = YES_ERROR;
				GCC_WARN_UNDECLARED_SELECTOR = YES;
				GCC_WARN_UNINITIALIZED_AUTOS = YES_AGGRESSIVE;
				GCC_WARN_UNUSED_FUNCTION = YES;
				GCC_WARN_UNUSED_VARIABLE = YES;
				IPHONEOS_DEPLOYMENT_TARGET = 11.1;
				MTL_ENABLE_DEBUG_INFO = YES;
				ONLY_ACTIVE_ARCH = YES;
				SDKROOT = iphoneos;
				SWIFT_ACTIVE_COMPILATION_CONDITIONS = DEBUG;
				SWIFT_OPTIMIZATION_LEVEL = "-Onone";
			};
			name = Debug;
		};
		07A142E61FCA5B86006530A4 /* Release */ = {
			isa = XCBuildConfiguration;
			buildSettings = {
				ALWAYS_SEARCH_USER_PATHS = NO;
				CLANG_ANALYZER_NONNULL = YES;
				CLANG_ANALYZER_NUMBER_OBJECT_CONVERSION = YES_AGGRESSIVE;
				CLANG_CXX_LANGUAGE_STANDARD = "gnu++14";
				CLANG_CXX_LIBRARY = "libc++";
				CLANG_ENABLE_MODULES = YES;
				CLANG_ENABLE_OBJC_ARC = YES;
				CLANG_WARN_BLOCK_CAPTURE_AUTORELEASING = YES;
				CLANG_WARN_BOOL_CONVERSION = YES;
				CLANG_WARN_COMMA = YES;
				CLANG_WARN_CONSTANT_CONVERSION = YES;
				CLANG_WARN_DIRECT_OBJC_ISA_USAGE = YES_ERROR;
				CLANG_WARN_DOCUMENTATION_COMMENTS = YES;
				CLANG_WARN_EMPTY_BODY = YES;
				CLANG_WARN_ENUM_CONVERSION = YES;
				CLANG_WARN_INFINITE_RECURSION = YES;
				CLANG_WARN_INT_CONVERSION = YES;
				CLANG_WARN_NON_LITERAL_NULL_CONVERSION = YES;
				CLANG_WARN_OBJC_LITERAL_CONVERSION = YES;
				CLANG_WARN_OBJC_ROOT_CLASS = YES_ERROR;
				CLANG_WARN_RANGE_LOOP_ANALYSIS = YES;
				CLANG_WARN_STRICT_PROTOTYPES = YES;
				CLANG_WARN_SUSPICIOUS_MOVE = YES;
				CLANG_WARN_UNGUARDED_AVAILABILITY = YES_AGGRESSIVE;
				CLANG_WARN_UNREACHABLE_CODE = YES;
				CLANG_WARN__DUPLICATE_METHOD_MATCH = YES;
				CODE_SIGN_IDENTITY = "iPhone Developer";
				COPY_PHASE_STRIP = NO;
				DEBUG_INFORMATION_FORMAT = "dwarf-with-dsym";
				ENABLE_NS_ASSERTIONS = NO;
				ENABLE_STRICT_OBJC_MSGSEND = YES;
				GCC_C_LANGUAGE_STANDARD = gnu11;
				GCC_NO_COMMON_BLOCKS = YES;
				GCC_WARN_64_TO_32_BIT_CONVERSION = YES;
				GCC_WARN_ABOUT_RETURN_TYPE = YES_ERROR;
				GCC_WARN_UNDECLARED_SELECTOR = YES;
				GCC_WARN_UNINITIALIZED_AUTOS = YES_AGGRESSIVE;
				GCC_WARN_UNUSED_FUNCTION = YES;
				GCC_WARN_UNUSED_VARIABLE = YES;
				IPHONEOS_DEPLOYMENT_TARGET = 11.1;
				MTL_ENABLE_DEBUG_INFO = NO;
				SDKROOT = iphoneos;
				SWIFT_OPTIMIZATION_LEVEL = "-Owholemodule";
				VALIDATE_PRODUCT = YES;
			};
			name = Release;
		};
		07A142E81FCA5B86006530A4 /* Debug */ = {
			isa = XCBuildConfiguration;
			buildSettings = {
				ASSETCATALOG_COMPILER_APPICON_NAME = AppIcon;
				CODE_SIGN_STYLE = Automatic;
				INFOPLIST_FILE = professionalgamification/Info.plist;
				LD_RUNPATH_SEARCH_PATHS = "$(inherited) @executable_path/Frameworks";
				PRODUCT_BUNDLE_IDENTIFIER = edu.maryville.swdv.fl17.professionalgamification;
				PRODUCT_NAME = "$(TARGET_NAME)";
				SWIFT_VERSION = 4.0;
				TARGETED_DEVICE_FAMILY = "1,2";
			};
			name = Debug;
		};
		07A142E91FCA5B86006530A4 /* Release */ = {
			isa = XCBuildConfiguration;
			buildSettings = {
				ASSETCATALOG_COMPILER_APPICON_NAME = AppIcon;
				CODE_SIGN_STYLE = Automatic;
				INFOPLIST_FILE = professionalgamification/Info.plist;
				LD_RUNPATH_SEARCH_PATHS = "$(inherited) @executable_path/Frameworks";
				PRODUCT_BUNDLE_IDENTIFIER = edu.maryville.swdv.fl17.professionalgamification;
				PRODUCT_NAME = "$(TARGET_NAME)";
				SWIFT_VERSION = 4.0;
				TARGETED_DEVICE_FAMILY = "1,2";
			};
			name = Release;
		};
/* End XCBuildConfiguration section */

/* Begin XCConfigurationList section */
		07A142D01FCA5B86006530A4 /* Build configuration list for PBXProject "professionalgamification" */ = {
			isa = XCConfigurationList;
			buildConfigurations = (
				07A142E51FCA5B86006530A4 /* Debug */,
				07A142E61FCA5B86006530A4 /* Release */,
			);
			defaultConfigurationIsVisible = 0;
			defaultConfigurationName = Release;
		};
		07A142E71FCA5B86006530A4 /* Build configuration list for PBXNativeTarget "professionalgamification" */ = {
			isa = XCConfigurationList;
			buildConfigurations = (
				07A142E81FCA5B86006530A4 /* Debug */,
				07A142E91FCA5B86006530A4 /* Release */,
			);
			defaultConfigurationIsVisible = 0;
			defaultConfigurationName = Release;
		};
/* End XCConfigurationList section */
	};
	rootObject = 07A142CD1FCA5B86006530A4 /* Project object */;
}
